
Microsoft Visual Studio Solution File, Format Version 12.00
# Visual Studio Version 17
VisualStudioVersion = 17.10.35027.167
MinimumVisualStudioVersion = 10.0.40219.1
Project("{FAE04EC0-301F-11D3-BF4B-00C04F79EFBC}") = "AssetManager", "AssetManager.csproj", "{72D7A224-F147-4DA3-8314-550870D2D59B}"
EndProject
Global
	GlobalSection(SolutionConfigurationPlatforms) = preSolution
		Debug|Any CPU = Debug|Any CPU
		Release|Any CPU = Release|Any CPU
	EndGlobalSection
	GlobalSection(ProjectConfigurationPlatforms) = postSolution
		{72D7A224-F147-4DA3-8314-550870D2D59B}.Debug|Any CPU.ActiveCfg = Debug|Any CPU
		{72D7A224-F147-4DA3-8314-550870D2D59B}.Debug|Any CPU.Build.0 = Debug|Any CPU
		{72D7A224-F147-4DA3-8314-550870D2D59B}.Release|Any CPU.ActiveCfg = Release|Any CPU
		{72D7A224-F147-4DA3-8314-550870D2D59B}.Release|Any CPU.Build.0 = Release|Any CPU
	EndGlobalSection
	GlobalSection(SolutionProperties) = preSolution
		HideSolutionNode = FALSE
	EndGlobalSection
	GlobalSection(ExtensibilityGlobals) = postSolution
		SolutionGuid = {3B59E406-EC78-4B36-8092-71F2F8EEDB21}
	EndGlobalSection
EndGlobal
